{
  "nodes": {
    "crane": {
      "locked": {
        "lastModified": 1730652660,
        "narHash": "sha256-+XVYfmVXAiYA0FZT7ijHf555dxCe+AoAT5A6RU+6vSo=",
        "owner": "ipetkov",
        "repo": "crane",
        "rev": "a4ca93905455c07cb7e3aca95d4faf7601cba458",
        "type": "github"
      },
      "original": {
        "owner": "ipetkov",
        "repo": "crane",
        "type": "github"
      }
    },
    "devshell": {
      "inputs": {
        "nixpkgs": [
          "nixvim",
          "nixpkgs"
        ]
      },
      "locked": {
        "lastModified": 1728330715,
        "narHash": "sha256-xRJ2nPOXb//u1jaBnDP56M7v5ldavjbtR6lfGqSvcKg=",
        "owner": "numtide",
        "repo": "devshell",
        "rev": "dd6b80932022cea34a019e2bb32f6fa9e494dfef",
        "type": "github"
      },
      "original": {
        "owner": "numtide",
        "repo": "devshell",
        "type": "github"
      }
    },
    "fenix": {
      "inputs": {
        "nixpkgs": [
          "flox",
          "nixpkgs"
        ],
        "rust-analyzer-src": "rust-analyzer-src"
      },
      "locked": {
        "lastModified": 1730702146,
        "narHash": "sha256-a657FU8MS5m0Y4pQvcmQPfvXYOPpxih7u2hU57Bn2i4=",
        "owner": "nix-community",
        "repo": "fenix",
        "rev": "fa3610f841725c8e20fc0fab070ee60609fdd5ee",
        "type": "github"
      },
      "original": {
        "owner": "nix-community",
        "repo": "fenix",
        "type": "github"
      }
    },
    "flake-compat": {
      "flake": false,
      "locked": {
        "lastModified": 1696426674,
        "narHash": "sha256-kvjfFW7WAETZlt09AgDn1MrtKzP7t90Vf7vypd3OL1U=",
        "owner": "edolstra",
        "repo": "flake-compat",
        "rev": "0f9255e01c2351cc7d116c072cb317785dd33b33",
        "type": "github"
      },
      "original": {
        "owner": "edolstra",
        "repo": "flake-compat",
        "type": "github"
      }
    },
    "flake-compat_2": {
      "locked": {
        "lastModified": 1696426674,
        "narHash": "sha256-kvjfFW7WAETZlt09AgDn1MrtKzP7t90Vf7vypd3OL1U=",
        "rev": "0f9255e01c2351cc7d116c072cb317785dd33b33",
        "revCount": 57,
        "type": "tarball",
        "url": "https://api.flakehub.com/f/pinned/edolstra/flake-compat/1.0.1/018afb31-abd1-7bff-a5e4-cff7e18efb7a/source.tar.gz"
      },
      "original": {
        "type": "tarball",
        "url": "https://flakehub.com/f/edolstra/flake-compat/1.tar.gz"
      }
    },
    "flake-parts": {
      "inputs": {
        "nixpkgs-lib": [
          "nixvim",
          "nixpkgs"
        ]
      },
      "locked": {
        "lastModified": 1730504689,
        "narHash": "sha256-hgmguH29K2fvs9szpq2r3pz2/8cJd2LPS+b4tfNFCwE=",
        "owner": "hercules-ci",
        "repo": "flake-parts",
        "rev": "506278e768c2a08bec68eb62932193e341f55c90",
        "type": "github"
      },
      "original": {
        "owner": "hercules-ci",
        "repo": "flake-parts",
        "type": "github"
      }
    },
    "flake-utils": {
      "inputs": {
        "systems": "systems"
      },
      "locked": {
        "lastModified": 1731533236,
        "narHash": "sha256-l0KFg5HjrsfsO/JpG+r7fRrqm12kzFHyUHqHCVpMMbI=",
        "owner": "numtide",
        "repo": "flake-utils",
        "rev": "11707dc2f618dd54ca8739b309ec4fc024de578b",
        "type": "github"
      },
      "original": {
        "owner": "numtide",
        "repo": "flake-utils",
        "type": "github"
      }
    },
    "flox": {
      "inputs": {
        "crane": "crane",
        "fenix": "fenix",
        "nixpkgs": [
          "nixpkgs"
        ],
        "pre-commit-hooks": "pre-commit-hooks",
        "sqlite3pp": "sqlite3pp"
      },
      "locked": {
        "lastModified": 1733413527,
        "narHash": "sha256-I70CUVj7yvKoBZx6CC3VavBn54pnSzW/nTs8t1uUsYQ=",
        "owner": "flox",
        "repo": "flox",
        "rev": "996f36feab7849a59765c8aaaa48aaf38a51586a",
        "type": "github"
      },
      "original": {
        "owner": "flox",
        "ref": "main",
        "repo": "flox",
        "type": "github"
      }
    },
    "git-hooks": {
      "inputs": {
        "flake-compat": [
          "nixvim",
          "flake-compat"
        ],
        "gitignore": "gitignore_2",
        "nixpkgs": [
          "nixvim",
          "nixpkgs"
        ],
        "nixpkgs-stable": [
          "nixvim",
          "nixpkgs"
        ]
      },
      "locked": {
        "lastModified": 1732021966,
        "narHash": "sha256-mnTbjpdqF0luOkou8ZFi2asa1N3AA2CchR/RqCNmsGE=",
        "owner": "cachix",
        "repo": "git-hooks.nix",
        "rev": "3308484d1a443fc5bc92012435d79e80458fe43c",
        "type": "github"
      },
      "original": {
        "owner": "cachix",
        "repo": "git-hooks.nix",
        "type": "github"
      }
    },
    "gitignore": {
      "inputs": {
        "nixpkgs": [
          "flox",
          "pre-commit-hooks",
          "nixpkgs"
        ]
      },
      "locked": {
        "lastModified": 1709087332,
        "narHash": "sha256-HG2cCnktfHsKV0s4XW83gU3F57gaTljL9KNSuG6bnQs=",
        "owner": "hercules-ci",
        "repo": "gitignore.nix",
        "rev": "637db329424fd7e46cf4185293b9cc8c88c95394",
        "type": "github"
      },
      "original": {
        "owner": "hercules-ci",
        "repo": "gitignore.nix",
        "type": "github"
      }
    },
    "gitignore_2": {
      "inputs": {
        "nixpkgs": [
          "nixvim",
          "git-hooks",
          "nixpkgs"
        ]
      },
      "locked": {
        "lastModified": 1709087332,
        "narHash": "sha256-HG2cCnktfHsKV0s4XW83gU3F57gaTljL9KNSuG6bnQs=",
        "owner": "hercules-ci",
        "repo": "gitignore.nix",
        "rev": "637db329424fd7e46cf4185293b9cc8c88c95394",
        "type": "github"
      },
      "original": {
        "owner": "hercules-ci",
        "repo": "gitignore.nix",
        "type": "github"
      }
    },
    "home-manager": {
      "inputs": {
        "nixpkgs": [
          "nixpkgs"
        ]
      },
      "locked": {
        "lastModified": 1733482664,
        "narHash": "sha256-ZD+h1fwvZs+Xvg46lzTWveAqyDe18h9m7wZnTIJfFZ4=",
        "owner": "nix-community",
        "repo": "home-manager",
        "rev": "e38d3dd1d355a003cc63e8fe6ff66ef2257509ed",
        "type": "github"
      },
      "original": {
        "owner": "nix-community",
        "ref": "release-24.11",
        "repo": "home-manager",
        "type": "github"
      }
    },
    "home-manager_2": {
      "inputs": {
        "nixpkgs": [
          "nixvim",
          "nixpkgs"
        ]
      },
      "locked": {
        "lastModified": 1733175814,
        "narHash": "sha256-zFOtOaqjzZfPMsm1mwu98syv3y+jziAq5DfWygaMtLg=",
        "owner": "nix-community",
        "repo": "home-manager",
        "rev": "bf23fe41082aa0289c209169302afd3397092f22",
        "type": "github"
      },
      "original": {
        "owner": "nix-community",
        "repo": "home-manager",
        "type": "github"
      }
    },
    "ixx": {
      "inputs": {
        "flake-utils": [
          "nixvim",
          "nuschtosSearch",
          "flake-utils"
        ],
        "nixpkgs": [
          "nixvim",
          "nuschtosSearch",
          "nixpkgs"
        ]
      },
      "locked": {
        "lastModified": 1729958008,
        "narHash": "sha256-EiOq8jF4Z/zQe0QYVc3+qSKxRK//CFHMB84aYrYGwEs=",
        "owner": "NuschtOS",
        "repo": "ixx",
        "rev": "9fd01aad037f345350eab2cd45e1946cc66da4eb",
        "type": "github"
      },
      "original": {
        "owner": "NuschtOS",
        "ref": "v0.0.6",
        "repo": "ixx",
        "type": "github"
      }
    },
    "nix-darwin": {
      "inputs": {
        "nixpkgs": [
          "nixpkgs"
        ]
      },
      "locked": {
        "lastModified": 1733351379,
        "narHash": "sha256-MTMsAhXxMMVHVN99jT8E0afOAOtt3JQWjYpTja94PAU=",
        "owner": "LnL7",
        "repo": "nix-darwin",
        "rev": "55d07816a0944f06a9df5ef174999a72fa4060c7",
        "type": "github"
      },
      "original": {
        "owner": "LnL7",
        "repo": "nix-darwin",
        "type": "github"
      }
    },
    "nix-darwin_2": {
      "inputs": {
        "nixpkgs": [
          "nixvim",
          "nixpkgs"
        ]
      },
      "locked": {
        "lastModified": 1733105089,
        "narHash": "sha256-Qs3YmoLYUJ8g4RkFj2rMrzrP91e4ShAioC9s+vG6ENM=",
        "owner": "lnl7",
        "repo": "nix-darwin",
        "rev": "c6b65d946097baf3915dd51373251de98199280d",
        "type": "github"
      },
      "original": {
        "owner": "lnl7",
        "repo": "nix-darwin",
        "type": "github"
      }
    },
    "nixpkgs": {
      "locked": {
        "lastModified": 1733385877,
        "narHash": "sha256-McvBdribKSA/rQV06LBuSVyUsNs7fH71BboU2g299Fs=",
        "owner": "NixOS",
        "repo": "nixpkgs",
        "rev": "e33818032ac6619630d52dd5036143e53c753764",
        "type": "github"
      },
      "original": {
        "owner": "NixOS",
        "ref": "nixpkgs-24.11-darwin",
        "repo": "nixpkgs",
        "type": "github"
      }
    },
    "nixpkgs-cb_thunderlink-native": {
      "locked": {
        "lastModified": 1730778669,
        "narHash": "sha256-6XatyuVAh1frxYVoEGBesObzCd/idV6jbE0VWzSxqho=",
        "owner": "booxter",
        "repo": "nixpkgs",
        "rev": "443bac326d9a77f88f0ec59970b2792a577e9838",
        "type": "github"
      },
      "original": {
        "owner": "booxter",
        "ref": "cb_thunderlink-native",
        "repo": "nixpkgs",
        "type": "github"
      }
    },
    "nixpkgs-firefox": {
      "locked": {
        "lastModified": 1731801351,
        "narHash": "sha256-JFr+HYseYCy3YpVbaCtUj6pRt8EIErBT0/cul6qhVHA=",
        "owner": "booxter",
        "repo": "nixpkgs",
        "rev": "de7585dec87f2446b02642df347cd3c5c6208eeb",
        "type": "github"
      },
      "original": {
        "owner": "booxter",
        "ref": "firefox-for-darwin",
        "repo": "nixpkgs",
        "type": "github"
      }
    },
    "nixpkgs-mailsend-go": {
      "locked": {
        "lastModified": 1693415164,
        "narHash": "sha256-b7ySx8YTf1xYYkcNIzU9oDomm9ixbooVCwWXDFb1B1M=",
        "owner": "jsoo1",
        "repo": "nixpkgs",
        "rev": "6d9ab33e84370fa9eac868e7023c3026008963c9",
        "type": "github"
      },
      "original": {
        "owner": "jsoo1",
        "ref": "mailsend-go",
        "repo": "nixpkgs",
        "type": "github"
      }
    },
    "nixpkgs-master": {
      "locked": {
        "lastModified": 1733488438,
        "narHash": "sha256-/gidZmOs4S+ocLyKw0FVmE3nI1FYplvFvpHNtXTo9RY=",
        "owner": "NixOS",
        "repo": "nixpkgs",
        "rev": "5873cbc25d8ac023ed56569ccc5b8dff2388f7f0",
        "type": "github"
      },
      "original": {
        "owner": "NixOS",
        "ref": "master",
        "repo": "nixpkgs",
        "type": "github"
      }
    },
    "nixpkgs-sioyek": {
      "locked": {
        "lastModified": 1728802690,
        "narHash": "sha256-1Y9YYQYTBfqJx8UKkqI5VbFB/XWtPGRX57r6xXMjQzI=",
        "owner": "b-fein",
        "repo": "nixpkgs",
        "rev": "ad80cc3b5198f62f4488349f4fbec7037b9878ee",
        "type": "github"
      },
      "original": {
        "owner": "b-fein",
        "ref": "sioyek-fix-darwin-build",
        "repo": "nixpkgs",
        "type": "github"
      }
    },
    "nixpkgs-stable": {
      "locked": {
        "lastModified": 1730741070,
        "narHash": "sha256-edm8WG19kWozJ/GqyYx2VjW99EdhjKwbY3ZwdlPAAlo=",
        "owner": "NixOS",
        "repo": "nixpkgs",
        "rev": "d063c1dd113c91ab27959ba540c0d9753409edf3",
        "type": "github"
      },
      "original": {
        "owner": "NixOS",
        "ref": "nixos-24.05",
        "repo": "nixpkgs",
        "type": "github"
      }
    },
    "nixpkgs-thunderbird": {
      "locked": {
        "lastModified": 1730406624,
        "narHash": "sha256-+FxLvuSV+QJKHlO6kacQTMjaEcDf2SM5Bhvrzbs2QHU=",
        "owner": "booxter",
        "repo": "nixpkgs",
        "rev": "71ed4424439c193eddc58c5e19f052758c9d1f41",
        "type": "github"
      },
      "original": {
        "owner": "booxter",
        "ref": "thunder-try-latest-with-staging",
        "repo": "nixpkgs",
        "type": "github"
      }
    },
    "nixvim": {
      "inputs": {
        "devshell": "devshell",
        "flake-compat": "flake-compat_2",
        "flake-parts": "flake-parts",
        "git-hooks": "git-hooks",
        "home-manager": "home-manager_2",
        "nix-darwin": "nix-darwin_2",
        "nixpkgs": [
          "nixpkgs"
        ],
        "nuschtosSearch": "nuschtosSearch",
        "treefmt-nix": "treefmt-nix"
      },
      "locked": {
        "lastModified": 1733431684,
        "narHash": "sha256-Tbdi0SEOuxABTDp0sCI7wdTnmpcnQOPzPo4jSWP0u+8=",
        "owner": "nix-community",
        "repo": "nixvim",
        "rev": "6348336db0e0b17ab6d9c73bc8206db84ebf00d1",
        "type": "github"
      },
      "original": {
        "owner": "nix-community",
        "repo": "nixvim",
        "type": "github"
      }
    },
    "nur": {
      "locked": {
        "lastModified": 1733484765,
        "narHash": "sha256-6CeTGuVXapUBajXoP0XH54SoLKc+/oM5KYzh7JhunPw=",
        "owner": "nix-community",
        "repo": "NUR",
        "rev": "99df7e8fe0425045be076f3b7f9f26cc6348cefc",
        "type": "github"
      },
      "original": {
        "owner": "nix-community",
        "repo": "NUR",
        "type": "github"
      }
    },
    "nuschtosSearch": {
      "inputs": {
        "flake-utils": "flake-utils",
        "ixx": "ixx",
        "nixpkgs": [
          "nixvim",
          "nixpkgs"
        ]
      },
      "locked": {
        "lastModified": 1733006402,
        "narHash": "sha256-BC1CecAQISV5Q4LZK72Gx0+faemOwaChiD9rMVfDPoA=",
        "owner": "NuschtOS",
        "repo": "search",
        "rev": "16307548b7a1247291c84ae6a12c0aacb07dfba2",
        "type": "github"
      },
      "original": {
        "owner": "NuschtOS",
        "repo": "search",
        "type": "github"
      }
    },
    "pre-commit-hooks": {
      "inputs": {
        "flake-compat": "flake-compat",
        "gitignore": "gitignore",
        "nixpkgs": [
          "flox",
          "nixpkgs"
        ],
        "nixpkgs-stable": "nixpkgs-stable"
      },
      "locked": {
        "lastModified": 1732021966,
        "narHash": "sha256-mnTbjpdqF0luOkou8ZFi2asa1N3AA2CchR/RqCNmsGE=",
        "owner": "cachix",
        "repo": "pre-commit-hooks.nix",
        "rev": "3308484d1a443fc5bc92012435d79e80458fe43c",
        "type": "github"
      },
      "original": {
        "owner": "cachix",
        "repo": "pre-commit-hooks.nix",
        "type": "github"
      }
    },
    "root": {
      "inputs": {
        "flox": "flox",
        "home-manager": "home-manager",
        "nix-darwin": "nix-darwin",
        "nixpkgs": "nixpkgs",
        "nixpkgs-cb_thunderlink-native": "nixpkgs-cb_thunderlink-native",
        "nixpkgs-firefox": "nixpkgs-firefox",
        "nixpkgs-mailsend-go": "nixpkgs-mailsend-go",
        "nixpkgs-master": "nixpkgs-master",
        "nixpkgs-sioyek": "nixpkgs-sioyek",
        "nixpkgs-thunderbird": "nixpkgs-thunderbird",
        "nixvim": "nixvim",
        "nur": "nur"
      }
    },
    "rust-analyzer-src": {
      "flake": false,
      "locked": {
        "lastModified": 1730645367,
        "narHash": "sha256-RnmBO+9zmZ3NpU6+NfYUDRg31dsPZ17xUqXVw/ZOKZ8=",
        "owner": "rust-lang",
        "repo": "rust-analyzer",
        "rev": "e44691a60443f1246a077df659607ca89f2ddc58",
        "type": "github"
      },
      "original": {
        "owner": "rust-lang",
        "ref": "nightly",
        "repo": "rust-analyzer",
        "type": "github"
      }
    },
    "sqlite3pp": {
      "inputs": {
        "nixpkgs": [
          "flox",
          "nixpkgs"
        ]
      },
      "locked": {
        "lastModified": 1691154329,
        "narHash": "sha256-nMtwh/G1/Zt70rl540jn+nFVJuju0NdXJwk2Y3pNB+k=",
        "owner": "aakropotkin",
        "repo": "sqlite3pp",
        "rev": "775e48a6c7a63a51585cd628f6c9816ba634a246",
        "type": "github"
      },
      "original": {
        "owner": "aakropotkin",
        "repo": "sqlite3pp",
        "type": "github"
      }
    },
    "systems": {
      "locked": {
        "lastModified": 1681028828,
        "narHash": "sha256-Vy1rq5AaRuLzOxct8nz4T6wlgyUR7zLU309k9mBC768=",
        "owner": "nix-systems",
        "repo": "default",
        "rev": "da67096a3b9bf56a91d16901293e51ba5b49a27e",
        "type": "github"
      },
      "original": {
        "owner": "nix-systems",
        "repo": "default",
        "type": "github"
      }
    },
    "treefmt-nix": {
      "inputs": {
        "nixpkgs": [
          "nixvim",
          "nixpkgs"
        ]
      },
      "locked": {
        "lastModified": 1732894027,
        "narHash": "sha256-2qbdorpq0TXHBWbVXaTqKoikN4bqAtAplTwGuII+oAc=",
        "owner": "numtide",
        "repo": "treefmt-nix",
        "rev": "6209c381904cab55796c5d7350e89681d3b2a8ef",
        "type": "github"
      },
      "original": {
        "owner": "numtide",
        "repo": "treefmt-nix",
        "type": "github"
      }
    }
  },
  "root": "root",
  "version": 7
}
