{
  "nodes": {
    "flake-parts": {
      "inputs": {
        "nixpkgs-lib": [
          "nixvim",
          "nixpkgs"
        ]
      },
      "locked": {
        "lastModified": 1749398372,
        "narHash": "sha256-tYBdgS56eXYaWVW3fsnPQ/nFlgWi/Z2Ymhyu21zVM98=",
        "owner": "hercules-ci",
        "repo": "flake-parts",
        "rev": "9305fe4e5c2a6fcf5ba6a3ff155720fbe4076569",
        "type": "github"
      },
      "original": {
        "owner": "hercules-ci",
        "repo": "flake-parts",
        "type": "github"
      }
    },
    "flake-parts_2": {
      "inputs": {
        "nixpkgs-lib": [
          "nur",
          "nixpkgs"
        ]
      },
      "locked": {
        "lastModified": 1733312601,
        "narHash": "sha256-4pDvzqnegAfRkPwO3wmwBhVi/Sye1mzps0zHWYnP88c=",
        "owner": "hercules-ci",
        "repo": "flake-parts",
        "rev": "205b12d8b7cd4802fbcb8e8ef6a0f1408781a4f9",
        "type": "github"
      },
      "original": {
        "owner": "hercules-ci",
        "repo": "flake-parts",
        "type": "github"
      }
    },
    "flake-utils": {
      "inputs": {
        "systems": "systems"
      },
      "locked": {
        "lastModified": 1731533236,
        "narHash": "sha256-l0KFg5HjrsfsO/JpG+r7fRrqm12kzFHyUHqHCVpMMbI=",
        "owner": "numtide",
        "repo": "flake-utils",
        "rev": "11707dc2f618dd54ca8739b309ec4fc024de578b",
        "type": "github"
      },
      "original": {
        "owner": "numtide",
        "repo": "flake-utils",
        "type": "github"
      }
    },
    "home-manager": {
      "inputs": {
        "nixpkgs": "nixpkgs"
      },
      "locked": {
        "lastModified": 1749657191,
        "narHash": "sha256-QLilaHuhGxiwhgceDWESj9gFcKIdEp7+9lRqNGpN8S4=",
        "owner": "nix-community",
        "repo": "home-manager",
        "rev": "faeab32528a9360e9577ff4082de2d35c6bbe1ce",
        "type": "github"
      },
      "original": {
        "owner": "nix-community",
        "ref": "master",
        "repo": "home-manager",
        "type": "github"
      }
    },
    "ixx": {
      "inputs": {
        "flake-utils": [
          "nixvim",
          "nuschtosSearch",
          "flake-utils"
        ],
        "nixpkgs": [
          "nixvim",
          "nuschtosSearch",
          "nixpkgs"
        ]
      },
      "locked": {
        "lastModified": 1748294338,
        "narHash": "sha256-FVO01jdmUNArzBS7NmaktLdGA5qA3lUMJ4B7a05Iynw=",
        "owner": "NuschtOS",
        "repo": "ixx",
        "rev": "cc5f390f7caf265461d4aab37e98d2292ebbdb85",
        "type": "github"
      },
      "original": {
        "owner": "NuschtOS",
        "ref": "v0.0.8",
        "repo": "ixx",
        "type": "github"
      }
    },
    "nix-darwin": {
      "inputs": {
        "nixpkgs": [
          "nixpkgs"
        ]
      },
      "locked": {
        "lastModified": 1749194393,
        "narHash": "sha256-vt6hM9DNywnXXuW1qPDLzECmbDcmxhh58wpb0EEQjAo=",
        "owner": "nix-darwin",
        "repo": "nix-darwin",
        "rev": "19346808c445f23b08652971be198b9df6c33edc",
        "type": "github"
      },
      "original": {
        "owner": "nix-darwin",
        "ref": "master",
        "repo": "nix-darwin",
        "type": "github"
      }
    },
    "nix-rosetta-builder": {
      "inputs": {
        "nixos-generators": "nixos-generators",
        "nixpkgs": "nixpkgs_2"
      },
      "locked": {
        "lastModified": 1745249216,
        "narHash": "sha256-bNuaIdGrs8LfintWymo9KQTILwVxsw5T6zdfxZY6K0g=",
        "owner": "cpick",
        "repo": "nix-rosetta-builder",
        "rev": "5cf6aa1f3f2fbb70443d33b5ef7779b7c7063392",
        "type": "github"
      },
      "original": {
        "owner": "cpick",
        "repo": "nix-rosetta-builder",
        "type": "github"
      }
    },
    "nixlib": {
      "locked": {
        "lastModified": 1736643958,
        "narHash": "sha256-tmpqTSWVRJVhpvfSN9KXBvKEXplrwKnSZNAoNPf/S/s=",
        "owner": "nix-community",
        "repo": "nixpkgs.lib",
        "rev": "1418bc28a52126761c02dd3d89b2d8ca0f521181",
        "type": "github"
      },
      "original": {
        "owner": "nix-community",
        "repo": "nixpkgs.lib",
        "type": "github"
      }
    },
    "nixos-generators": {
      "inputs": {
        "nixlib": "nixlib",
        "nixpkgs": [
          "nix-rosetta-builder",
          "nixpkgs"
        ]
      },
      "locked": {
        "lastModified": 1737057290,
        "narHash": "sha256-3Pe0yKlCc7EOeq1X/aJVDH0CtNL+tIBm49vpepwL1MQ=",
        "owner": "nix-community",
        "repo": "nixos-generators",
        "rev": "d002ce9b6e7eb467cd1c6bb9aef9c35d191b5453",
        "type": "github"
      },
      "original": {
        "owner": "nix-community",
        "repo": "nixos-generators",
        "type": "github"
      }
    },
    "nixpkgs": {
      "locked": {
        "lastModified": 1749285348,
        "narHash": "sha256-frdhQvPbmDYaScPFiCnfdh3B/Vh81Uuoo0w5TkWmmjU=",
        "owner": "NixOS",
        "repo": "nixpkgs",
        "rev": "3e3afe5174c561dee0df6f2c2b2236990146329f",
        "type": "github"
      },
      "original": {
        "owner": "NixOS",
        "ref": "nixos-unstable",
        "repo": "nixpkgs",
        "type": "github"
      }
    },
    "nixpkgs-arcanist": {
      "locked": {
        "lastModified": 1735564410,
        "narHash": "sha256-HB/FA0+1gpSs8+/boEavrGJH+Eq08/R2wWNph1sM1Dg=",
        "owner": "NixOS",
        "repo": "nixpkgs",
        "rev": "1e7a8f391f1a490460760065fa0630b5520f9cf8",
        "type": "github"
      },
      "original": {
        "owner": "NixOS",
        "ref": "nixpkgs-24.05-darwin",
        "repo": "nixpkgs",
        "type": "github"
      }
    },
    "nixpkgs-awesome": {
      "locked": {
        "lastModified": 1748824526,
        "narHash": "sha256-GhvIzylLfkFuiJdnYiLBAJF81L34Jo92u8O6XthAdsg=",
        "owner": "booxter",
        "repo": "nixpkgs",
        "rev": "4c5458588a1d0b126e068eb7ad6ad85556db2793",
        "type": "github"
      },
      "original": {
        "owner": "booxter",
        "ref": "awesome-darwin",
        "repo": "nixpkgs",
        "type": "github"
      }
    },
    "nixpkgs-cb_thunderlink-native": {
      "locked": {
        "lastModified": 1730778669,
        "narHash": "sha256-6XatyuVAh1frxYVoEGBesObzCd/idV6jbE0VWzSxqho=",
        "owner": "booxter",
        "repo": "nixpkgs",
        "rev": "443bac326d9a77f88f0ec59970b2792a577e9838",
        "type": "github"
      },
      "original": {
        "owner": "booxter",
        "ref": "cb_thunderlink-native",
        "repo": "nixpkgs",
        "type": "github"
      }
    },
    "nixpkgs-firefox-binary-wrapper": {
      "locked": {
        "lastModified": 1747187469,
        "narHash": "sha256-KsCJDZPY0I6piCmr5ik0xiUtmhaLEOZ/og+jxqNlnII=",
        "owner": "booxter",
        "repo": "nixpkgs",
        "rev": "b9efd9397cc0e57a36b16a1f481889d6d96be01c",
        "type": "github"
      },
      "original": {
        "owner": "booxter",
        "ref": "switch-firefox-to-binary-wrapper",
        "repo": "nixpkgs",
        "type": "github"
      }
    },
    "nixpkgs-icewm": {
      "locked": {
        "lastModified": 1748921366,
        "narHash": "sha256-6VGqgaaHIMqCldPC7DYf3LI5Rg4HwshCglxbB8W4Rxk=",
        "owner": "booxter",
        "repo": "nixpkgs",
        "rev": "5957890e5b1992299ae426f8596d7ee8ab0db5db",
        "type": "github"
      },
      "original": {
        "owner": "booxter",
        "ref": "icewm-darwin",
        "repo": "nixpkgs",
        "type": "github"
      }
    },
    "nixpkgs-mailsend-go": {
      "locked": {
        "lastModified": 1693415164,
        "narHash": "sha256-b7ySx8YTf1xYYkcNIzU9oDomm9ixbooVCwWXDFb1B1M=",
        "owner": "jsoo1",
        "repo": "nixpkgs",
        "rev": "6d9ab33e84370fa9eac868e7023c3026008963c9",
        "type": "github"
      },
      "original": {
        "owner": "jsoo1",
        "ref": "mailsend-go",
        "repo": "nixpkgs",
        "type": "github"
      }
    },
    "nixpkgs-master": {
      "locked": {
        "lastModified": 1749698212,
        "narHash": "sha256-2wURTQjkfVUerefMAHd/nG07HRJ792mYzHOg4OBBG/I=",
        "owner": "NixOS",
        "repo": "nixpkgs",
        "rev": "035a957c5719d682c34c87d6c565930f7c3e8ae2",
        "type": "github"
      },
      "original": {
        "owner": "NixOS",
        "ref": "master",
        "repo": "nixpkgs",
        "type": "github"
      }
    },
    "nixpkgs-mesa-xephyr": {
      "locked": {
        "lastModified": 1748907904,
        "narHash": "sha256-DfTQwPN7rKUXPtzD/oUEWw7nNKaX9yaUYi6JRep5OlE=",
        "owner": "booxter",
        "repo": "nixpkgs",
        "rev": "1894390863ffbd9726fcb00df242221d9df214b7",
        "type": "github"
      },
      "original": {
        "owner": "booxter",
        "ref": "mesa-darwin-libgl",
        "repo": "nixpkgs",
        "type": "github"
      }
    },
    "nixpkgs-ted": {
      "locked": {
        "lastModified": 1748916469,
        "narHash": "sha256-wi9UA8/4zWKfMU2hyMBOZifPsMhiaU3tYYe3PEBLPA8=",
        "owner": "booxter",
        "repo": "nixpkgs",
        "rev": "1a040f1ed10a6ab40aed91fa24880f1b92365b7f",
        "type": "github"
      },
      "original": {
        "owner": "booxter",
        "ref": "ted-darwin",
        "repo": "nixpkgs",
        "type": "github"
      }
    },
    "nixpkgs-unstable": {
      "locked": {
        "lastModified": 1749619289,
        "narHash": "sha256-qX6gXVjaCXXbcn6A9eSLUf8Fm07MgPGe5ir3++y2O1Q=",
        "owner": "NixOS",
        "repo": "nixpkgs",
        "rev": "f72be405a10668b8b00937b452f2145244103ebc",
        "type": "github"
      },
      "original": {
        "owner": "NixOS",
        "ref": "nixpkgs-unstable",
        "repo": "nixpkgs",
        "type": "github"
      }
    },
    "nixpkgs-xarchiver": {
      "locked": {
        "lastModified": 1749004537,
        "narHash": "sha256-GED0E3+1Z6Prb/cqCVCsqXWH5RkiYwLn6wpcUeda5cM=",
        "owner": "booxter",
        "repo": "nixpkgs",
        "rev": "b08ea14f5ed40aff6e4e18628db186595387a7b5",
        "type": "github"
      },
      "original": {
        "owner": "booxter",
        "ref": "xarchiver-darwin",
        "repo": "nixpkgs",
        "type": "github"
      }
    },
    "nixpkgs-xbill": {
      "locked": {
        "lastModified": 1748916567,
        "narHash": "sha256-KkSXowga/Kk1ob9NV5wS4E+TfbZxG5GNUrH0GBw90bE=",
        "owner": "booxter",
        "repo": "nixpkgs",
        "rev": "f2617f29170f8391a4a809a2d78817fcb2954fe9",
        "type": "github"
      },
      "original": {
        "owner": "booxter",
        "ref": "xbill-fix-build",
        "repo": "nixpkgs",
        "type": "github"
      }
    },
    "nixpkgs-xchm": {
      "locked": {
        "lastModified": 1749004351,
        "narHash": "sha256-Fyz4KDNqwsT3xzxQ+Uujp5Ci2NmyedQIRjuyLcoMIL0=",
        "owner": "booxter",
        "repo": "nixpkgs",
        "rev": "92471515db3dfead334570d6a27523252c1d1e8c",
        "type": "github"
      },
      "original": {
        "owner": "booxter",
        "ref": "xchm",
        "repo": "nixpkgs",
        "type": "github"
      }
    },
    "nixpkgs_2": {
      "locked": {
        "lastModified": 1737885589,
        "narHash": "sha256-Zf0hSrtzaM1DEz8//+Xs51k/wdSajticVrATqDrfQjg=",
        "owner": "nixos",
        "repo": "nixpkgs",
        "rev": "852ff1d9e153d8875a83602e03fdef8a63f0ecf8",
        "type": "github"
      },
      "original": {
        "owner": "nixos",
        "ref": "nixos-unstable",
        "repo": "nixpkgs",
        "type": "github"
      }
    },
    "nixpkgs_3": {
      "locked": {
        "lastModified": 1749619289,
        "narHash": "sha256-qX6gXVjaCXXbcn6A9eSLUf8Fm07MgPGe5ir3++y2O1Q=",
        "owner": "NixOS",
        "repo": "nixpkgs",
        "rev": "f72be405a10668b8b00937b452f2145244103ebc",
        "type": "github"
      },
      "original": {
        "owner": "NixOS",
        "ref": "nixpkgs-unstable",
        "repo": "nixpkgs",
        "type": "github"
      }
    },
    "nixpkgs_4": {
      "locked": {
        "lastModified": 1749523198,
        "narHash": "sha256-How2kQw0psKmCdXgojc95Sf3K5maHB3qfINxTZFCAPM=",
        "owner": "NixOS",
        "repo": "nixpkgs",
        "rev": "cdc68935eba9f86d155585fdf6f17af6824f38ac",
        "type": "github"
      },
      "original": {
        "owner": "NixOS",
        "ref": "nixpkgs-unstable",
        "repo": "nixpkgs",
        "type": "github"
      }
    },
    "nixpkgs_5": {
      "locked": {
        "lastModified": 1749285348,
        "narHash": "sha256-frdhQvPbmDYaScPFiCnfdh3B/Vh81Uuoo0w5TkWmmjU=",
        "owner": "nixos",
        "repo": "nixpkgs",
        "rev": "3e3afe5174c561dee0df6f2c2b2236990146329f",
        "type": "github"
      },
      "original": {
        "owner": "nixos",
        "ref": "nixos-unstable",
        "repo": "nixpkgs",
        "type": "github"
      }
    },
    "nixvim": {
      "inputs": {
        "flake-parts": "flake-parts",
        "nixpkgs": "nixpkgs_4",
        "nuschtosSearch": "nuschtosSearch",
        "systems": "systems_2"
      },
      "locked": {
        "lastModified": 1749685505,
        "narHash": "sha256-qAyDUuYvVoSl4hAq3Ho8vTKG/ms7i7qx+8jqS6beUuw=",
        "owner": "nix-community",
        "repo": "nixvim",
        "rev": "1b08a4d97632a8c3500469ae7e2db91769425ddf",
        "type": "github"
      },
      "original": {
        "owner": "nix-community",
        "repo": "nixvim",
        "type": "github"
      }
    },
    "nur": {
      "inputs": {
        "flake-parts": "flake-parts_2",
        "nixpkgs": "nixpkgs_5",
        "treefmt-nix": "treefmt-nix"
      },
      "locked": {
        "lastModified": 1749700217,
        "narHash": "sha256-gCylBHZAvIgs6u6Ffy7GZTMKWxsexkUpkueXi14Qees=",
        "owner": "nix-community",
        "repo": "NUR",
        "rev": "43cc7b9a736dd88fbf6ba726a690894896d8d292",
        "type": "github"
      },
      "original": {
        "owner": "nix-community",
        "repo": "NUR",
        "type": "github"
      }
    },
    "nuschtosSearch": {
      "inputs": {
        "flake-utils": "flake-utils",
        "ixx": "ixx",
        "nixpkgs": [
          "nixvim",
          "nixpkgs"
        ]
      },
      "locked": {
        "lastModified": 1749531675,
        "narHash": "sha256-UB8Mc88rW9frjpJ1Fj2ro7f07Gg8dX3uVXvMXnFR4CE=",
        "owner": "NuschtOS",
        "repo": "search",
        "rev": "4029d450d0266909ee52775849b7da54e79b328e",
        "type": "github"
      },
      "original": {
        "owner": "NuschtOS",
        "repo": "search",
        "type": "github"
      }
    },
    "root": {
      "inputs": {
        "home-manager": "home-manager",
        "nix-darwin": "nix-darwin",
        "nix-rosetta-builder": "nix-rosetta-builder",
        "nixpkgs": "nixpkgs_3",
        "nixpkgs-arcanist": "nixpkgs-arcanist",
        "nixpkgs-awesome": "nixpkgs-awesome",
        "nixpkgs-cb_thunderlink-native": "nixpkgs-cb_thunderlink-native",
        "nixpkgs-firefox-binary-wrapper": "nixpkgs-firefox-binary-wrapper",
        "nixpkgs-icewm": "nixpkgs-icewm",
        "nixpkgs-mailsend-go": "nixpkgs-mailsend-go",
        "nixpkgs-master": "nixpkgs-master",
        "nixpkgs-mesa-xephyr": "nixpkgs-mesa-xephyr",
        "nixpkgs-ted": "nixpkgs-ted",
        "nixpkgs-unstable": "nixpkgs-unstable",
        "nixpkgs-xarchiver": "nixpkgs-xarchiver",
        "nixpkgs-xbill": "nixpkgs-xbill",
        "nixpkgs-xchm": "nixpkgs-xchm",
        "nixvim": "nixvim",
        "nur": "nur"
      }
    },
    "systems": {
      "locked": {
        "lastModified": 1681028828,
        "narHash": "sha256-Vy1rq5AaRuLzOxct8nz4T6wlgyUR7zLU309k9mBC768=",
        "owner": "nix-systems",
        "repo": "default",
        "rev": "da67096a3b9bf56a91d16901293e51ba5b49a27e",
        "type": "github"
      },
      "original": {
        "owner": "nix-systems",
        "repo": "default",
        "type": "github"
      }
    },
    "systems_2": {
      "locked": {
        "lastModified": 1681028828,
        "narHash": "sha256-Vy1rq5AaRuLzOxct8nz4T6wlgyUR7zLU309k9mBC768=",
        "owner": "nix-systems",
        "repo": "default",
        "rev": "da67096a3b9bf56a91d16901293e51ba5b49a27e",
        "type": "github"
      },
      "original": {
        "owner": "nix-systems",
        "repo": "default",
        "type": "github"
      }
    },
    "treefmt-nix": {
      "inputs": {
        "nixpkgs": [
          "nur",
          "nixpkgs"
        ]
      },
      "locked": {
        "lastModified": 1733222881,
        "narHash": "sha256-JIPcz1PrpXUCbaccEnrcUS8jjEb/1vJbZz5KkobyFdM=",
        "owner": "numtide",
        "repo": "treefmt-nix",
        "rev": "49717b5af6f80172275d47a418c9719a31a78b53",
        "type": "github"
      },
      "original": {
        "owner": "numtide",
        "repo": "treefmt-nix",
        "type": "github"
      }
    }
  },
  "root": "root",
  "version": 7
}
